
Microsoft Visual Studio Solution File, Format Version 12.00
# Visual Studio 2015
Project("{FAE04EC0-301F-11D3-BF4B-00C04F79EFBC}") = "GirlAndDog.CSharp.Plugins", "GirlAndDog.CSharp.Plugins.csproj", "{2BB0390E-687A-C93B-D87D-DD9B95224C61}"
EndProject
Project("{FAE04EC0-301F-11D3-BF4B-00C04F79EFBC}") = "GirlAndDog.CSharp", "GirlAndDog.CSharp.csproj", "{AD8C809C-C056-104F-D966-3558FD55651F}"
EndProject
Project("{FAE04EC0-301F-11D3-BF4B-00C04F79EFBC}") = "GirlAndDog.CSharp.Editor.Plugins", "GirlAndDog.CSharp.Editor.Plugins.csproj", "{56E2E51D-DA7C-2992-870D-CE7F9B3DB4AA}"
EndProject
Global
	GlobalSection(SolutionConfigurationPlatforms) = preSolution
		Debug|Any CPU = Debug|Any CPU
		Release|Any CPU = Release|Any CPU
	EndGlobalSection
	GlobalSection(ProjectConfigurationPlatforms) = postSolution
		{2BB0390E-687A-C93B-D87D-DD9B95224C61}.Debug|Any CPU.ActiveCfg = Debug|Any CPU
		{2BB0390E-687A-C93B-D87D-DD9B95224C61}.Debug|Any CPU.Build.0 = Debug|Any CPU
		{2BB0390E-687A-C93B-D87D-DD9B95224C61}.Release|Any CPU.ActiveCfg = Release|Any CPU
		{2BB0390E-687A-C93B-D87D-DD9B95224C61}.Release|Any CPU.Build.0 = Release|Any CPU
		{AD8C809C-C056-104F-D966-3558FD55651F}.Debug|Any CPU.ActiveCfg = Debug|Any CPU
		{AD8C809C-C056-104F-D966-3558FD55651F}.Debug|Any CPU.Build.0 = Debug|Any CPU
		{AD8C809C-C056-104F-D966-3558FD55651F}.Release|Any CPU.ActiveCfg = Release|Any CPU
		{AD8C809C-C056-104F-D966-3558FD55651F}.Release|Any CPU.Build.0 = Release|Any CPU
		{56E2E51D-DA7C-2992-870D-CE7F9B3DB4AA}.Debug|Any CPU.ActiveCfg = Debug|Any CPU
		{56E2E51D-DA7C-2992-870D-CE7F9B3DB4AA}.Debug|Any CPU.Build.0 = Debug|Any CPU
		{56E2E51D-DA7C-2992-870D-CE7F9B3DB4AA}.Release|Any CPU.ActiveCfg = Release|Any CPU
		{56E2E51D-DA7C-2992-870D-CE7F9B3DB4AA}.Release|Any CPU.Build.0 = Release|Any CPU
	EndGlobalSection
	GlobalSection(SolutionProperties) = preSolution
		HideSolutionNode = FALSE
	EndGlobalSection
EndGlobal
